%{"cqerl": {:git, "git://github.com/matehat/cqerl.git", "28c8530192e6c7190c8c473caddcdf8f98ca463a", []},
  "lz4": {:git, "https://github.com/szktty/erlang-lz4.git", "30878eafeff35939052c2cafe17d21c95029d3a1", []},
  "pooler": {:git, "https://github.com/seth/pooler.git", "23271fe27a13a9e288f07a5cb751456961365739", []},
  "quickrand": {:git, "https://github.com/okeuday/quickrand.git", "0395a10b94472ccbe38b62bbfa9d0fc1ddac1dd7", [tag: "v1.3.2"]},
  "semver": {:git, "https://github.com/nebularis/semver.git", "c7d509f38298ec6594be4efdcd8a8f2322760039", []},
  "snappy": {:git, "https://github.com/fdmanana/snappy-erlang-nif.git", "868243bc7eea2a5d012f65a1d22ef075772e15f5", []},
  "uuid": {:git, "https://github.com/okeuday/uuid.git", "f7c141c8359cd690faba0d2684b449a07db8e915", []}}
